
Microsoft Visual Studio Solution File, Format Version 12.00
# Visual Studio Version 17
VisualStudioVersion = 17.10.35027.167
MinimumVisualStudioVersion = 10.0.40219.1
Project("{FAE04EC0-301F-11D3-BF4B-00C04F79EFBC}") = "SortingAlgorithms", "SortingAlgorithms.csproj", "{88C99C40-3326-4442-BD94-167311230DEF}"
EndProject
Global
	GlobalSection(SolutionConfigurationPlatforms) = preSolution
		Debug|Any CPU = Debug|Any CPU
		Release|Any CPU = Release|Any CPU
	EndGlobalSection
	GlobalSection(ProjectConfigurationPlatforms) = postSolution
		{88C99C40-3326-4442-BD94-167311230DEF}.Debug|Any CPU.ActiveCfg = Debug|Any CPU
		{88C99C40-3326-4442-BD94-167311230DEF}.Debug|Any CPU.Build.0 = Debug|Any CPU
		{88C99C40-3326-4442-BD94-167311230DEF}.Release|Any CPU.ActiveCfg = Release|Any CPU
		{88C99C40-3326-4442-BD94-167311230DEF}.Release|Any CPU.Build.0 = Release|Any CPU
	EndGlobalSection
	GlobalSection(SolutionProperties) = preSolution
		HideSolutionNode = FALSE
	EndGlobalSection
	GlobalSection(ExtensibilityGlobals) = postSolution
		SolutionGuid = {BA54C7D4-9CD7-4EB9-BDA0-71E77161EE59}
	EndGlobalSection
EndGlobal
